
Microsoft Visual Studio Solution File, Format Version 12.00
# Visual Studio Version 17
VisualStudioVersion = 17.0.31903.59
MinimumVisualStudioVersion = 10.0.40219.1
Project("{FAE04EC0-301F-11D3-BF4B-00C04F79EFBC}") = "xUnitDemo.Api", "xUnitDemo.Api\xUnitDemo.Api.csproj", "{DAEC75A5-CBEC-4DBB-929D-25F8AE2229FA}"
EndProject
Project("{FAE04EC0-301F-11D3-BF4B-00C04F79EFBC}") = "xUnitDemo.UnitTests", "xUnitDemo.UnitTests\xUnitDemo.UnitTests.csproj", "{15A1BD87-004A-420B-9EC7-D62F4AA9A0BE}"
EndProject
Global
	GlobalSection(SolutionConfigurationPlatforms) = preSolution
		Debug|Any CPU = Debug|Any CPU
		Release|Any CPU = Release|Any CPU
	EndGlobalSection
	GlobalSection(SolutionProperties) = preSolution
		HideSolutionNode = FALSE
	EndGlobalSection
	GlobalSection(ProjectConfigurationPlatforms) = postSolution
		{DAEC75A5-CBEC-4DBB-929D-25F8AE2229FA}.Debug|Any CPU.ActiveCfg = Debug|Any CPU
		{DAEC75A5-CBEC-4DBB-929D-25F8AE2229FA}.Debug|Any CPU.Build.0 = Debug|Any CPU
		{DAEC75A5-CBEC-4DBB-929D-25F8AE2229FA}.Release|Any CPU.ActiveCfg = Release|Any CPU
		{DAEC75A5-CBEC-4DBB-929D-25F8AE2229FA}.Release|Any CPU.Build.0 = Release|Any CPU
		{15A1BD87-004A-420B-9EC7-D62F4AA9A0BE}.Debug|Any CPU.ActiveCfg = Debug|Any CPU
		{15A1BD87-004A-420B-9EC7-D62F4AA9A0BE}.Debug|Any CPU.Build.0 = Debug|Any CPU
		{15A1BD87-004A-420B-9EC7-D62F4AA9A0BE}.Release|Any CPU.ActiveCfg = Release|Any CPU
		{15A1BD87-004A-420B-9EC7-D62F4AA9A0BE}.Release|Any CPU.Build.0 = Release|Any CPU
	EndGlobalSection
EndGlobal
